<?xml version="1.0" encoding="utf-8"?>
<Project ToolsVersion="4.0" xmlns="http://schemas.microsoft.com/developer/msbuild/2003">
  <ItemGroup>
    <Filter Include="..">
      <UniqueIdentifier>{61705900-4DFC-870B-B6AA-880BA255880B}</UniqueIdentifier>
    </Filter>
  </ItemGroup>
  <ItemGroup>
    <ClInclude Include="..\simpledwrite.h">
      <Filter>..</Filter>
    </ClInclude>
    <ClInclude Include="iconfont.h" />
  </ItemGroup>
  <ItemGroup>
    <ClCompile Include="..\simpledwrite.cc">
      <Filter>..</Filter>
    </ClCompile>
    <ClCompile Include="demo.cc" />
    <ClCompile Include="iconfont.cc" />
  </ItemGroup>
</Project>